
Microsoft Visual Studio Solution File, Format Version 12.00
# Visual Studio Version 16
VisualStudioVersion = 16.0.32228.343
MinimumVisualStudioVersion = 10.0.40219.1
Project("{FAE04EC0-301F-11D3-BF4B-00C04F79EFBC}") = "QuanLyCuaHangDaQuy", "QuanLyCuaHangDaQuy\QuanLyCuaHangDaQuy.csproj", "{52AE58EE-C668-4652-89EB-5C7B6114E589}"
EndProject
Global
	GlobalSection(SolutionConfigurationPlatforms) = preSolution
		Debug|Any CPU = Debug|Any CPU
		Release|Any CPU = Release|Any CPU
	EndGlobalSection
	GlobalSection(ProjectConfigurationPlatforms) = postSolution
		{52AE58EE-C668-4652-89EB-5C7B6114E589}.Debug|Any CPU.ActiveCfg = Debug|Any CPU
		{52AE58EE-C668-4652-89EB-5C7B6114E589}.Debug|Any CPU.Build.0 = Debug|Any CPU
		{52AE58EE-C668-4652-89EB-5C7B6114E589}.Release|Any CPU.ActiveCfg = Release|Any CPU
		{52AE58EE-C668-4652-89EB-5C7B6114E589}.Release|Any CPU.Build.0 = Release|Any CPU
	EndGlobalSection
	GlobalSection(SolutionProperties) = preSolution
		HideSolutionNode = FALSE
	EndGlobalSection
	GlobalSection(ExtensibilityGlobals) = postSolution
		SolutionGuid = {D42F993C-C16C-405A-9E2B-12A9C1DA691E}
	EndGlobalSection
EndGlobal
